
Microsoft Visual Studio Solution File, Format Version 12.00
# Visual Studio Version 17
VisualStudioVersion = 17.14.36616.10 d17.14
MinimumVisualStudioVersion = 10.0.40219.1
Project("{FAE04EC0-301F-11D3-BF4B-00C04F79EFBC}") = "LojaCamisas.Application", "LojaCamisas.Application\LojaCamisas.Application.csproj", "{EBDEDA2E-F474-404C-939B-B1B330208DF3}"
EndProject
Project("{FAE04EC0-301F-11D3-BF4B-00C04F79EFBC}") = "LojaCamisas.Infrastructure", "LojaCamisas.Infrastructure\LojaCamisas.Infrastructure.csproj", "{0F438C23-9EE5-46F8-BDE4-46DEAB11E4D5}"
EndProject
Project("{FAE04EC0-301F-11D3-BF4B-00C04F79EFBC}") = "LojaCamisas.Web", "LojaCamisas.Web\LojaCamisas.Web.csproj", "{00897439-3FE7-430E-878E-DF2B8C8F5698}"
EndProject
Project("{FAE04EC0-301F-11D3-BF4B-00C04F79EFBC}") = "LojaCamisas.Domain", "LojaCamisas.Domain\LojaCamisas.Domain.csproj", "{E7F5C793-9BEA-4D6D-B4FE-A1B98B661789}"
EndProject
Global
	GlobalSection(SolutionConfigurationPlatforms) = preSolution
		Debug|Any CPU = Debug|Any CPU
		Release|Any CPU = Release|Any CPU
	EndGlobalSection
	GlobalSection(ProjectConfigurationPlatforms) = postSolution
		{EBDEDA2E-F474-404C-939B-B1B330208DF3}.Debug|Any CPU.ActiveCfg = Debug|Any CPU
		{EBDEDA2E-F474-404C-939B-B1B330208DF3}.Debug|Any CPU.Build.0 = Debug|Any CPU
		{EBDEDA2E-F474-404C-939B-B1B330208DF3}.Release|Any CPU.ActiveCfg = Release|Any CPU
		{EBDEDA2E-F474-404C-939B-B1B330208DF3}.Release|Any CPU.Build.0 = Release|Any CPU
		{0F438C23-9EE5-46F8-BDE4-46DEAB11E4D5}.Debug|Any CPU.ActiveCfg = Debug|Any CPU
		{0F438C23-9EE5-46F8-BDE4-46DEAB11E4D5}.Debug|Any CPU.Build.0 = Debug|Any CPU
		{0F438C23-9EE5-46F8-BDE4-46DEAB11E4D5}.Release|Any CPU.ActiveCfg = Release|Any CPU
		{0F438C23-9EE5-46F8-BDE4-46DEAB11E4D5}.Release|Any CPU.Build.0 = Release|Any CPU
		{00897439-3FE7-430E-878E-DF2B8C8F5698}.Debug|Any CPU.ActiveCfg = Debug|Any CPU
		{00897439-3FE7-430E-878E-DF2B8C8F5698}.Debug|Any CPU.Build.0 = Debug|Any CPU
		{00897439-3FE7-430E-878E-DF2B8C8F5698}.Release|Any CPU.ActiveCfg = Release|Any CPU
		{00897439-3FE7-430E-878E-DF2B8C8F5698}.Release|Any CPU.Build.0 = Release|Any CPU
		{E7F5C793-9BEA-4D6D-B4FE-A1B98B661789}.Debug|Any CPU.ActiveCfg = Debug|Any CPU
		{E7F5C793-9BEA-4D6D-B4FE-A1B98B661789}.Debug|Any CPU.Build.0 = Debug|Any CPU
		{E7F5C793-9BEA-4D6D-B4FE-A1B98B661789}.Release|Any CPU.ActiveCfg = Release|Any CPU
		{E7F5C793-9BEA-4D6D-B4FE-A1B98B661789}.Release|Any CPU.Build.0 = Release|Any CPU
	EndGlobalSection
	GlobalSection(SolutionProperties) = preSolution
		HideSolutionNode = FALSE
	EndGlobalSection
	GlobalSection(ExtensibilityGlobals) = postSolution
		SolutionGuid = {EBEDB918-CF42-4550-A003-5EFC333F06DC}
	EndGlobalSection
EndGlobal
